
Microsoft Visual Studio Solution File, Format Version 12.00
# Visual Studio 15
Project("{FAE04EC0-301F-11D3-BF4B-00C04F79EFBC}") = "Assembly-CSharp", "Assembly-CSharp.csproj", "{C9848DC3-AA3B-C116-EA50-17A6FA918BBF}"
EndProject
Global
	GlobalSection(SolutionConfigurationPlatforms) = preSolution
		Debug|Any CPU = Debug|Any CPU
		Release|Any CPU = Release|Any CPU
	EndGlobalSection
	GlobalSection(ProjectConfigurationPlatforms) = postSolution
		{C9848DC3-AA3B-C116-EA50-17A6FA918BBF}.Debug|Any CPU.ActiveCfg = Debug|Any CPU
		{C9848DC3-AA3B-C116-EA50-17A6FA918BBF}.Debug|Any CPU.Build.0 = Debug|Any CPU
		{C9848DC3-AA3B-C116-EA50-17A6FA918BBF}.Release|Any CPU.ActiveCfg = Release|Any CPU
		{C9848DC3-AA3B-C116-EA50-17A6FA918BBF}.Release|Any CPU.Build.0 = Release|Any CPU
	EndGlobalSection
	GlobalSection(SolutionProperties) = preSolution
		HideSolutionNode = FALSE
	EndGlobalSection
EndGlobal
